
Microsoft Visual Studio Solution File, Format Version 12.00
# Visual Studio 15
VisualStudioVersion = 15.0.27130.2024
MinimumVisualStudioVersion = 10.0.40219.1
Project("{E24C65DC-7377-472B-9ABA-BC803B73C61A}") = "INGMASTER", "INGMASTER", "{146BA4AC-5EEC-485B-A9CF-FA3DD91B2086}"
	ProjectSection(WebsiteProperties) = preProject
		TargetFrameworkMoniker = ".NETFramework,Version%3Dv4.6.1"
		Debug.AspNetCompiler.VirtualPath = "/localhost_1783"
		Debug.AspNetCompiler.PhysicalPath = "INGMASTER\"
		Debug.AspNetCompiler.TargetPath = "PrecompiledWeb\localhost_1783\"
		Debug.AspNetCompiler.Updateable = "true"
		Debug.AspNetCompiler.ForceOverwrite = "true"
		Debug.AspNetCompiler.FixedNames = "false"
		Debug.AspNetCompiler.Debug = "True"
		Release.AspNetCompiler.VirtualPath = "/localhost_1783"
		Release.AspNetCompiler.PhysicalPath = "INGMASTER\"
		Release.AspNetCompiler.TargetPath = "PrecompiledWeb\localhost_1783\"
		Release.AspNetCompiler.Updateable = "true"
		Release.AspNetCompiler.ForceOverwrite = "true"
		Release.AspNetCompiler.FixedNames = "false"
		Release.AspNetCompiler.Debug = "False"
		VWDPort = "1783"
		SlnRelativePath = "INGMASTER\"
		DefaultWebSiteLanguage = "Visual C#"
	EndProjectSection
EndProject
Global
	GlobalSection(SolutionConfigurationPlatforms) = preSolution
		Debug|Any CPU = Debug|Any CPU
	EndGlobalSection
	GlobalSection(ProjectConfigurationPlatforms) = postSolution
		{146BA4AC-5EEC-485B-A9CF-FA3DD91B2086}.Debug|Any CPU.ActiveCfg = Debug|Any CPU
		{146BA4AC-5EEC-485B-A9CF-FA3DD91B2086}.Debug|Any CPU.Build.0 = Debug|Any CPU
	EndGlobalSection
	GlobalSection(SolutionProperties) = preSolution
		HideSolutionNode = FALSE
	EndGlobalSection
	GlobalSection(ExtensibilityGlobals) = postSolution
		SolutionGuid = {FFF566E7-E0C6-4F63-BAFF-3B1915155544}
	EndGlobalSection
EndGlobal
